
Microsoft Visual Studio Solution File, Format Version 12.00
# Visual Studio Version 17
VisualStudioVersion = 17.3.32714.290
MinimumVisualStudioVersion = 10.0.40219.1
Project("{FAE04EC0-301F-11D3-BF4B-00C04F79EFBC}") = "WebHomeDay", "WebHomeDay\WebHomeDay.csproj", "{4DB69488-503F-466B-A3CA-A57D35FDF835}"
EndProject
Global
	GlobalSection(SolutionConfigurationPlatforms) = preSolution
		Debug|Any CPU = Debug|Any CPU
		Release|Any CPU = Release|Any CPU
	EndGlobalSection
	GlobalSection(ProjectConfigurationPlatforms) = postSolution
		{4DB69488-503F-466B-A3CA-A57D35FDF835}.Debug|Any CPU.ActiveCfg = Debug|Any CPU
		{4DB69488-503F-466B-A3CA-A57D35FDF835}.Debug|Any CPU.Build.0 = Debug|Any CPU
		{4DB69488-503F-466B-A3CA-A57D35FDF835}.Release|Any CPU.ActiveCfg = Release|Any CPU
		{4DB69488-503F-466B-A3CA-A57D35FDF835}.Release|Any CPU.Build.0 = Release|Any CPU
	EndGlobalSection
	GlobalSection(SolutionProperties) = preSolution
		HideSolutionNode = FALSE
	EndGlobalSection
	GlobalSection(ExtensibilityGlobals) = postSolution
		SolutionGuid = {D1802F98-81CF-4CA2-A2AB-5300C31A64A1}
	EndGlobalSection
EndGlobal
